
Microsoft Visual Studio Solution File, Format Version 12.00
Project("{FAE04EC0-301F-11D3-BF4B-00C04F79EFBC}") = "Web", "Web\Web.csproj", "{4BF03B1E-19E8-4C8E-8A40-14E75C2EA3F8}"
EndProject
Project("{FAE04EC0-301F-11D3-BF4B-00C04F79EFBC}") = "NotificationModule", "NotificationModule\NotificationModule.csproj", "{AEA2464C-5A17-4EC2-92BC-3DFCD0945AF5}"
EndProject
Project("{FAE04EC0-301F-11D3-BF4B-00C04F79EFBC}") = "BookingModule", "BookingModule\BookingModule.csproj", "{FE388295-1989-43FD-A081-D0FDBFE6464C}"
EndProject
Project("{FAE04EC0-301F-11D3-BF4B-00C04F79EFBC}") = "InventoryModule", "InventoryModule\InventoryModule.csproj", "{AFDF0F14-7246-4F10-937E-A08871C8719C}"
EndProject
Project("{FAE04EC0-301F-11D3-BF4B-00C04F79EFBC}") = "PaymentModule", "PaymentModule\PaymentModule.csproj", "{8C2F29CF-9BE1-43A2-989E-FE2D4CF51197}"
EndProject
Project("{FAE04EC0-301F-11D3-BF4B-00C04F79EFBC}") = "Shared", "Shared\Shared.csproj", "{EA6F8CB0-A7BA-4EC1-80E4-B5488C64EB26}"
EndProject
Project("{2150E333-8FDC-42A3-9474-1A3956D46DE8}") = "src", "src", "{D7DC4527-14C2-4DE2-B879-92DCA32A6A5E}"
EndProject
Project("{FAE04EC0-301F-11D3-BF4B-00C04F79EFBC}") = "AuthModule", "AuthModule\AuthModule.csproj", "{00C064F5-B365-4FF2-85FD-273CF9547427}"
EndProject
Global
	GlobalSection(SolutionConfigurationPlatforms) = preSolution
		Debug|Any CPU = Debug|Any CPU
		Release|Any CPU = Release|Any CPU
	EndGlobalSection
	GlobalSection(ProjectConfigurationPlatforms) = postSolution
		{4BF03B1E-19E8-4C8E-8A40-14E75C2EA3F8}.Debug|Any CPU.ActiveCfg = Debug|Any CPU
		{4BF03B1E-19E8-4C8E-8A40-14E75C2EA3F8}.Debug|Any CPU.Build.0 = Debug|Any CPU
		{4BF03B1E-19E8-4C8E-8A40-14E75C2EA3F8}.Release|Any CPU.ActiveCfg = Release|Any CPU
		{4BF03B1E-19E8-4C8E-8A40-14E75C2EA3F8}.Release|Any CPU.Build.0 = Release|Any CPU
		{AEA2464C-5A17-4EC2-92BC-3DFCD0945AF5}.Debug|Any CPU.ActiveCfg = Debug|Any CPU
		{AEA2464C-5A17-4EC2-92BC-3DFCD0945AF5}.Debug|Any CPU.Build.0 = Debug|Any CPU
		{AEA2464C-5A17-4EC2-92BC-3DFCD0945AF5}.Release|Any CPU.ActiveCfg = Release|Any CPU
		{AEA2464C-5A17-4EC2-92BC-3DFCD0945AF5}.Release|Any CPU.Build.0 = Release|Any CPU
		{FE388295-1989-43FD-A081-D0FDBFE6464C}.Debug|Any CPU.ActiveCfg = Debug|Any CPU
		{FE388295-1989-43FD-A081-D0FDBFE6464C}.Debug|Any CPU.Build.0 = Debug|Any CPU
		{FE388295-1989-43FD-A081-D0FDBFE6464C}.Release|Any CPU.ActiveCfg = Release|Any CPU
		{FE388295-1989-43FD-A081-D0FDBFE6464C}.Release|Any CPU.Build.0 = Release|Any CPU
		{AFDF0F14-7246-4F10-937E-A08871C8719C}.Debug|Any CPU.ActiveCfg = Debug|Any CPU
		{AFDF0F14-7246-4F10-937E-A08871C8719C}.Debug|Any CPU.Build.0 = Debug|Any CPU
		{AFDF0F14-7246-4F10-937E-A08871C8719C}.Release|Any CPU.ActiveCfg = Release|Any CPU
		{AFDF0F14-7246-4F10-937E-A08871C8719C}.Release|Any CPU.Build.0 = Release|Any CPU
		{8C2F29CF-9BE1-43A2-989E-FE2D4CF51197}.Debug|Any CPU.ActiveCfg = Debug|Any CPU
		{8C2F29CF-9BE1-43A2-989E-FE2D4CF51197}.Debug|Any CPU.Build.0 = Debug|Any CPU
		{8C2F29CF-9BE1-43A2-989E-FE2D4CF51197}.Release|Any CPU.ActiveCfg = Release|Any CPU
		{8C2F29CF-9BE1-43A2-989E-FE2D4CF51197}.Release|Any CPU.Build.0 = Release|Any CPU
		{EA6F8CB0-A7BA-4EC1-80E4-B5488C64EB26}.Debug|Any CPU.ActiveCfg = Debug|Any CPU
		{EA6F8CB0-A7BA-4EC1-80E4-B5488C64EB26}.Debug|Any CPU.Build.0 = Debug|Any CPU
		{EA6F8CB0-A7BA-4EC1-80E4-B5488C64EB26}.Release|Any CPU.ActiveCfg = Release|Any CPU
		{EA6F8CB0-A7BA-4EC1-80E4-B5488C64EB26}.Release|Any CPU.Build.0 = Release|Any CPU
		{00C064F5-B365-4FF2-85FD-273CF9547427}.Debug|Any CPU.ActiveCfg = Debug|Any CPU
		{00C064F5-B365-4FF2-85FD-273CF9547427}.Debug|Any CPU.Build.0 = Debug|Any CPU
		{00C064F5-B365-4FF2-85FD-273CF9547427}.Release|Any CPU.ActiveCfg = Release|Any CPU
		{00C064F5-B365-4FF2-85FD-273CF9547427}.Release|Any CPU.Build.0 = Release|Any CPU
	EndGlobalSection
	GlobalSection(NestedProjects) = preSolution
		{FE388295-1989-43FD-A081-D0FDBFE6464C} = {D7DC4527-14C2-4DE2-B879-92DCA32A6A5E}
		{AFDF0F14-7246-4F10-937E-A08871C8719C} = {D7DC4527-14C2-4DE2-B879-92DCA32A6A5E}
		{AEA2464C-5A17-4EC2-92BC-3DFCD0945AF5} = {D7DC4527-14C2-4DE2-B879-92DCA32A6A5E}
		{8C2F29CF-9BE1-43A2-989E-FE2D4CF51197} = {D7DC4527-14C2-4DE2-B879-92DCA32A6A5E}
		{EA6F8CB0-A7BA-4EC1-80E4-B5488C64EB26} = {D7DC4527-14C2-4DE2-B879-92DCA32A6A5E}
		{4BF03B1E-19E8-4C8E-8A40-14E75C2EA3F8} = {D7DC4527-14C2-4DE2-B879-92DCA32A6A5E}
		{00C064F5-B365-4FF2-85FD-273CF9547427} = {D7DC4527-14C2-4DE2-B879-92DCA32A6A5E}
	EndGlobalSection
EndGlobal
